
Microsoft Visual Studio Solution File, Format Version 12.00
# Visual Studio Version 16
VisualStudioVersion = 16.0.32126.315
MinimumVisualStudioVersion = 10.0.40219.1
Project("{8BC9CEB8-8B4A-11D0-8D11-00A0C91BC942}") = "BaseProblem", "BaseProblem\BaseProblem.vcxproj", "{072FAD84-145D-4CDA-8DE1-34B4DD1C0479}"
EndProject
Project("{8BC9CEB8-8B4A-11D0-8D11-00A0C91BC942}") = "UnitTest1", "UnitTest1\UnitTest1.vcxproj", "{77F93097-9921-4985-AE81-B259C125D84C}"
EndProject
Global
	GlobalSection(SolutionConfigurationPlatforms) = preSolution
		Debug|x64 = Debug|x64
		Debug|x86 = Debug|x86
		Release|x64 = Release|x64
		Release|x86 = Release|x86
	EndGlobalSection
	GlobalSection(ProjectConfigurationPlatforms) = postSolution
		{072FAD84-145D-4CDA-8DE1-34B4DD1C0479}.Debug|x64.ActiveCfg = Debug|x64
		{072FAD84-145D-4CDA-8DE1-34B4DD1C0479}.Debug|x64.Build.0 = Debug|x64
		{072FAD84-145D-4CDA-8DE1-34B4DD1C0479}.Debug|x86.ActiveCfg = Debug|Win32
		{072FAD84-145D-4CDA-8DE1-34B4DD1C0479}.Debug|x86.Build.0 = Debug|Win32
		{072FAD84-145D-4CDA-8DE1-34B4DD1C0479}.Release|x64.ActiveCfg = Release|x64
		{072FAD84-145D-4CDA-8DE1-34B4DD1C0479}.Release|x64.Build.0 = Release|x64
		{072FAD84-145D-4CDA-8DE1-34B4DD1C0479}.Release|x86.ActiveCfg = Release|Win32
		{072FAD84-145D-4CDA-8DE1-34B4DD1C0479}.Release|x86.Build.0 = Release|Win32
		{77F93097-9921-4985-AE81-B259C125D84C}.Debug|x64.ActiveCfg = Debug|x64
		{77F93097-9921-4985-AE81-B259C125D84C}.Debug|x64.Build.0 = Debug|x64
		{77F93097-9921-4985-AE81-B259C125D84C}.Debug|x86.ActiveCfg = Debug|Win32
		{77F93097-9921-4985-AE81-B259C125D84C}.Debug|x86.Build.0 = Debug|Win32
		{77F93097-9921-4985-AE81-B259C125D84C}.Release|x64.ActiveCfg = Release|x64
		{77F93097-9921-4985-AE81-B259C125D84C}.Release|x64.Build.0 = Release|x64
		{77F93097-9921-4985-AE81-B259C125D84C}.Release|x86.ActiveCfg = Release|Win32
		{77F93097-9921-4985-AE81-B259C125D84C}.Release|x86.Build.0 = Release|Win32
	EndGlobalSection
	GlobalSection(SolutionProperties) = preSolution
		HideSolutionNode = FALSE
	EndGlobalSection
	GlobalSection(ExtensibilityGlobals) = postSolution
		SolutionGuid = {666A51F4-0A19-4C96-9D07-FB5B7C68CBA5}
	EndGlobalSection
EndGlobal
